
Microsoft Visual Studio Solution File, Format Version 12.00
# Visual Studio Version 17
VisualStudioVersion = 17.4.33205.214
MinimumVisualStudioVersion = 10.0.40219.1
Project("{FAE04EC0-301F-11D3-BF4B-00C04F79EFBC}") = "MechanicQuotes_WebApi", "MechanicQuotes.API\MechanicQuotes_WebApi.csproj", "{2E8E7662-C489-403E-934B-F19413179E9B}"
EndProject
Project("{FAE04EC0-301F-11D3-BF4B-00C04F79EFBC}") = "MechanicQuotes_Domain", "MechanicQuotes_Domain\MechanicQuotes_Domain.csproj", "{48C52910-1C04-4E30-B70A-FA29380DD644}"
EndProject
Project("{FAE04EC0-301F-11D3-BF4B-00C04F79EFBC}") = "MechanicQuotes_Data", "MechanicQuotes_Data\MechanicQuotes_Data.csproj", "{AD154C14-D635-4D64-AA0C-F36FC3E9EA30}"
EndProject
Global
	GlobalSection(SolutionConfigurationPlatforms) = preSolution
		Debug|Any CPU = Debug|Any CPU
		Release|Any CPU = Release|Any CPU
	EndGlobalSection
	GlobalSection(ProjectConfigurationPlatforms) = postSolution
		{2E8E7662-C489-403E-934B-F19413179E9B}.Debug|Any CPU.ActiveCfg = Debug|Any CPU
		{2E8E7662-C489-403E-934B-F19413179E9B}.Debug|Any CPU.Build.0 = Debug|Any CPU
		{2E8E7662-C489-403E-934B-F19413179E9B}.Release|Any CPU.ActiveCfg = Release|Any CPU
		{2E8E7662-C489-403E-934B-F19413179E9B}.Release|Any CPU.Build.0 = Release|Any CPU
		{48C52910-1C04-4E30-B70A-FA29380DD644}.Debug|Any CPU.ActiveCfg = Debug|Any CPU
		{48C52910-1C04-4E30-B70A-FA29380DD644}.Debug|Any CPU.Build.0 = Debug|Any CPU
		{48C52910-1C04-4E30-B70A-FA29380DD644}.Release|Any CPU.ActiveCfg = Release|Any CPU
		{48C52910-1C04-4E30-B70A-FA29380DD644}.Release|Any CPU.Build.0 = Release|Any CPU
		{AD154C14-D635-4D64-AA0C-F36FC3E9EA30}.Debug|Any CPU.ActiveCfg = Debug|Any CPU
		{AD154C14-D635-4D64-AA0C-F36FC3E9EA30}.Debug|Any CPU.Build.0 = Debug|Any CPU
		{AD154C14-D635-4D64-AA0C-F36FC3E9EA30}.Release|Any CPU.ActiveCfg = Release|Any CPU
		{AD154C14-D635-4D64-AA0C-F36FC3E9EA30}.Release|Any CPU.Build.0 = Release|Any CPU
	EndGlobalSection
	GlobalSection(SolutionProperties) = preSolution
		HideSolutionNode = FALSE
	EndGlobalSection
	GlobalSection(ExtensibilityGlobals) = postSolution
		SolutionGuid = {0C10190D-251A-4C50-B76F-9CCC35E1BDC5}
	EndGlobalSection
EndGlobal
